
Microsoft Visual Studio Solution File, Format Version 12.00
# Visual Studio Version 17
VisualStudioVersion = 17.4.33110.190
MinimumVisualStudioVersion = 10.0.40219.1
Project("{FAE04EC0-301F-11D3-BF4B-00C04F79EFBC}") = "PracticaS07", "PracticaS07\PracticaS07.csproj", "{C952A8E7-8382-4498-9241-8920BE9CDEA1}"
EndProject
Global
	GlobalSection(SolutionConfigurationPlatforms) = preSolution
		Debug|Any CPU = Debug|Any CPU
		Release|Any CPU = Release|Any CPU
	EndGlobalSection
	GlobalSection(ProjectConfigurationPlatforms) = postSolution
		{C952A8E7-8382-4498-9241-8920BE9CDEA1}.Debug|Any CPU.ActiveCfg = Debug|Any CPU
		{C952A8E7-8382-4498-9241-8920BE9CDEA1}.Debug|Any CPU.Build.0 = Debug|Any CPU
		{C952A8E7-8382-4498-9241-8920BE9CDEA1}.Release|Any CPU.ActiveCfg = Release|Any CPU
		{C952A8E7-8382-4498-9241-8920BE9CDEA1}.Release|Any CPU.Build.0 = Release|Any CPU
	EndGlobalSection
	GlobalSection(SolutionProperties) = preSolution
		HideSolutionNode = FALSE
	EndGlobalSection
	GlobalSection(ExtensibilityGlobals) = postSolution
		SolutionGuid = {CB73B968-E8E1-4953-A2EA-E7C6C3BF1213}
	EndGlobalSection
EndGlobal
